
Microsoft Visual Studio Solution File, Format Version 9.00
# Visual Studio 2005
Project("{8BC9CEB8-8B4A-11D0-8D11-00A0C91BC942}") = "验证哥德巴赫猜想", "验证哥德巴赫猜想\验证哥德巴赫猜想.vcproj", "{2B65EB5F-7827-42C8-B528-83EF1F3E8A79}"
EndProject
Global
	GlobalSection(SolutionConfigurationPlatforms) = preSolution
		Debug|Win32 = Debug|Win32
		Release|Win32 = Release|Win32
	EndGlobalSection
	GlobalSection(ProjectConfigurationPlatforms) = postSolution
		{2B65EB5F-7827-42C8-B528-83EF1F3E8A79}.Debug|Win32.ActiveCfg = Debug|Win32
		{2B65EB5F-7827-42C8-B528-83EF1F3E8A79}.Debug|Win32.Build.0 = Debug|Win32
		{2B65EB5F-7827-42C8-B528-83EF1F3E8A79}.Release|Win32.ActiveCfg = Release|Win32
		{2B65EB5F-7827-42C8-B528-83EF1F3E8A79}.Release|Win32.Build.0 = Release|Win32
	EndGlobalSection
	GlobalSection(SolutionProperties) = preSolution
		HideSolutionNode = FALSE
	EndGlobalSection
EndGlobal
