
Microsoft Visual Studio Solution File, Format Version 9.00
# Visual Studio 2005
Project("{8BC9CEB8-8B4A-11D0-8D11-00A0C91BC942}") = "括号匹配问题", "括号匹配问题\括号匹配问题.vcproj", "{37178E65-CB45-4D37-AE76-8DC59F068274}"
EndProject
Global
	GlobalSection(SolutionConfigurationPlatforms) = preSolution
		Debug|Win32 = Debug|Win32
		Release|Win32 = Release|Win32
	EndGlobalSection
	GlobalSection(ProjectConfigurationPlatforms) = postSolution
		{37178E65-CB45-4D37-AE76-8DC59F068274}.Debug|Win32.ActiveCfg = Debug|Win32
		{37178E65-CB45-4D37-AE76-8DC59F068274}.Debug|Win32.Build.0 = Debug|Win32
		{37178E65-CB45-4D37-AE76-8DC59F068274}.Release|Win32.ActiveCfg = Release|Win32
		{37178E65-CB45-4D37-AE76-8DC59F068274}.Release|Win32.Build.0 = Release|Win32
	EndGlobalSection
	GlobalSection(SolutionProperties) = preSolution
		HideSolutionNode = FALSE
	EndGlobalSection
EndGlobal
