
Microsoft Visual Studio Solution File, Format Version 9.00
# Visual Studio 2005
Project("{8BC9CEB8-8B4A-11D0-8D11-00A0C91BC942}") = "第一题", "第一题\第一题.vcproj", "{1FAC4F31-A83A-42DA-A227-A2EA7AD55D67}"
EndProject
Global
	GlobalSection(SolutionConfigurationPlatforms) = preSolution
		Debug|Win32 = Debug|Win32
		Release|Win32 = Release|Win32
	EndGlobalSection
	GlobalSection(ProjectConfigurationPlatforms) = postSolution
		{1FAC4F31-A83A-42DA-A227-A2EA7AD55D67}.Debug|Win32.ActiveCfg = Debug|Win32
		{1FAC4F31-A83A-42DA-A227-A2EA7AD55D67}.Debug|Win32.Build.0 = Debug|Win32
		{1FAC4F31-A83A-42DA-A227-A2EA7AD55D67}.Release|Win32.ActiveCfg = Release|Win32
		{1FAC4F31-A83A-42DA-A227-A2EA7AD55D67}.Release|Win32.Build.0 = Release|Win32
	EndGlobalSection
	GlobalSection(SolutionProperties) = preSolution
		HideSolutionNode = FALSE
	EndGlobalSection
EndGlobal
