
Microsoft Visual Studio Solution File, Format Version 9.00
# Visual Studio 2005
Project("{8BC9CEB8-8B4A-11D0-8D11-00A0C91BC942}") = "计算出该凸五边形的面积", "计算出该凸五边形的面积\计算出该凸五边形的面积.vcproj", "{3C0B7838-BC5B-4A3C-B711-701176370AEF}"
EndProject
Global
	GlobalSection(SolutionConfigurationPlatforms) = preSolution
		Debug|Win32 = Debug|Win32
		Release|Win32 = Release|Win32
	EndGlobalSection
	GlobalSection(ProjectConfigurationPlatforms) = postSolution
		{3C0B7838-BC5B-4A3C-B711-701176370AEF}.Debug|Win32.ActiveCfg = Debug|Win32
		{3C0B7838-BC5B-4A3C-B711-701176370AEF}.Debug|Win32.Build.0 = Debug|Win32
		{3C0B7838-BC5B-4A3C-B711-701176370AEF}.Release|Win32.ActiveCfg = Release|Win32
		{3C0B7838-BC5B-4A3C-B711-701176370AEF}.Release|Win32.Build.0 = Release|Win32
	EndGlobalSection
	GlobalSection(SolutionProperties) = preSolution
		HideSolutionNode = FALSE
	EndGlobalSection
EndGlobal
