
Microsoft Visual Studio Solution File, Format Version 9.00
# Visual Studio 2005
Project("{8BC9CEB8-8B4A-11D0-8D11-00A0C91BC942}") = "筛选排序", "筛选排序\筛选排序.vcproj", "{789358DB-EBAF-438C-ACDC-8AA56D208F9A}"
EndProject
Global
	GlobalSection(SolutionConfigurationPlatforms) = preSolution
		Debug|Win32 = Debug|Win32
		Release|Win32 = Release|Win32
	EndGlobalSection
	GlobalSection(ProjectConfigurationPlatforms) = postSolution
		{789358DB-EBAF-438C-ACDC-8AA56D208F9A}.Debug|Win32.ActiveCfg = Debug|Win32
		{789358DB-EBAF-438C-ACDC-8AA56D208F9A}.Debug|Win32.Build.0 = Debug|Win32
		{789358DB-EBAF-438C-ACDC-8AA56D208F9A}.Release|Win32.ActiveCfg = Release|Win32
		{789358DB-EBAF-438C-ACDC-8AA56D208F9A}.Release|Win32.Build.0 = Release|Win32
	EndGlobalSection
	GlobalSection(SolutionProperties) = preSolution
		HideSolutionNode = FALSE
	EndGlobalSection
EndGlobal
