
Microsoft Visual Studio Solution File, Format Version 9.00
# Visual Studio 2005
Project("{8BC9CEB8-8B4A-11D0-8D11-00A0C91BC942}") = "字符串处理问题", "字符串处理问题\字符串处理问题.vcproj", "{D559F43F-B9E9-4FC7-905E-A6BDD0C89FFF}"
EndProject
Global
	GlobalSection(SolutionConfigurationPlatforms) = preSolution
		Debug|Win32 = Debug|Win32
		Release|Win32 = Release|Win32
	EndGlobalSection
	GlobalSection(ProjectConfigurationPlatforms) = postSolution
		{D559F43F-B9E9-4FC7-905E-A6BDD0C89FFF}.Debug|Win32.ActiveCfg = Debug|Win32
		{D559F43F-B9E9-4FC7-905E-A6BDD0C89FFF}.Debug|Win32.Build.0 = Debug|Win32
		{D559F43F-B9E9-4FC7-905E-A6BDD0C89FFF}.Release|Win32.ActiveCfg = Release|Win32
		{D559F43F-B9E9-4FC7-905E-A6BDD0C89FFF}.Release|Win32.Build.0 = Release|Win32
	EndGlobalSection
	GlobalSection(SolutionProperties) = preSolution
		HideSolutionNode = FALSE
	EndGlobalSection
EndGlobal
