
Microsoft Visual Studio Solution File, Format Version 9.00
# Visual Studio 2005
Project("{8BC9CEB8-8B4A-11D0-8D11-00A0C91BC942}") = "删除字符串中指定的字符", "删除字符串中指定的字符\删除字符串中指定的字符.vcproj", "{CCD17826-1958-4BAA-92EB-CA9F6CC0E714}"
EndProject
Global
	GlobalSection(SolutionConfigurationPlatforms) = preSolution
		Debug|Win32 = Debug|Win32
		Release|Win32 = Release|Win32
	EndGlobalSection
	GlobalSection(ProjectConfigurationPlatforms) = postSolution
		{CCD17826-1958-4BAA-92EB-CA9F6CC0E714}.Debug|Win32.ActiveCfg = Debug|Win32
		{CCD17826-1958-4BAA-92EB-CA9F6CC0E714}.Debug|Win32.Build.0 = Debug|Win32
		{CCD17826-1958-4BAA-92EB-CA9F6CC0E714}.Release|Win32.ActiveCfg = Release|Win32
		{CCD17826-1958-4BAA-92EB-CA9F6CC0E714}.Release|Win32.Build.0 = Release|Win32
	EndGlobalSection
	GlobalSection(SolutionProperties) = preSolution
		HideSolutionNode = FALSE
	EndGlobalSection
EndGlobal
